
Microsoft Visual Studio Solution File, Format Version 12.00
# Visual Studio 2013
VisualStudioVersion = 12.0.30501.0
MinimumVisualStudioVersion = 10.0.40219.1
Project("{FAE04EC0-301F-11D3-BF4B-00C04F79EFBC}") = "Shopper", "Shopper\Shopper.csproj", "{8E219487-91B0-4FA3-B44A-88B6E95C1198}"
EndProject
Project("{FAE04EC0-301F-11D3-BF4B-00C04F79EFBC}") = "Shopper.Tests", "Shopper.Tests\Shopper.Tests.csproj", "{8A80623F-9C18-4527-AC74-A6AD12B8EA8A}"
EndProject
Global
	GlobalSection(SolutionConfigurationPlatforms) = preSolution
		Debug|Any CPU = Debug|Any CPU
		Release|Any CPU = Release|Any CPU
	EndGlobalSection
	GlobalSection(ProjectConfigurationPlatforms) = postSolution
		{8E219487-91B0-4FA3-B44A-88B6E95C1198}.Debug|Any CPU.ActiveCfg = Debug|Any CPU
		{8E219487-91B0-4FA3-B44A-88B6E95C1198}.Debug|Any CPU.Build.0 = Debug|Any CPU
		{8E219487-91B0-4FA3-B44A-88B6E95C1198}.Release|Any CPU.ActiveCfg = Release|Any CPU
		{8E219487-91B0-4FA3-B44A-88B6E95C1198}.Release|Any CPU.Build.0 = Release|Any CPU
		{8A80623F-9C18-4527-AC74-A6AD12B8EA8A}.Debug|Any CPU.ActiveCfg = Debug|Any CPU
		{8A80623F-9C18-4527-AC74-A6AD12B8EA8A}.Debug|Any CPU.Build.0 = Debug|Any CPU
		{8A80623F-9C18-4527-AC74-A6AD12B8EA8A}.Release|Any CPU.ActiveCfg = Release|Any CPU
		{8A80623F-9C18-4527-AC74-A6AD12B8EA8A}.Release|Any CPU.Build.0 = Release|Any CPU
	EndGlobalSection
	GlobalSection(SolutionProperties) = preSolution
		HideSolutionNode = FALSE
	EndGlobalSection
EndGlobal
